{
  "name": "scambaiter",
  "version": "1.0.0",
  "lockfileVersion": 2,
  "requires": true,
  "packages": {
    "": {
      "name": "scambaiter",
      "version": "1.0.0",
      "license": "SEE LICENSE IN LICENSE.md",
      "dependencies": {
        "axios": "^0.24.0",
        "discord.js": "^14.0.0-dev.1654519696-fba9710",
        "ws": "^8.7.0",
        "xbytes": "^1.7.0"
      },
      "devDependencies": {
        "typescript": "^4.7.3"
      }
    },
    "node_modules/@discordjs/builders": {
      "version": "0.16.0-dev.1654519711-fba9710",
      "resolved": "https://registry.npmjs.org/@discordjs/builders/-/builders-0.16.0-dev.1654519711-fba9710.tgz",
      "integrity": "sha512-sM1d7yV+qoksWanU6X4+9V1Jv0iq6vzkkV0+y1DPtpmIpJHN28qG88LrE7w/EdIrvSkBeYtWsuNCiYVUiL/IJw==",
      "dependencies": {
        "@sapphire/shapeshift": "^3.1.0",
        "@sindresorhus/is": "^4.6.0",
        "discord-api-types": "^0.33.3",
        "fast-deep-equal": "^3.1.3",
        "ts-mixer": "^6.0.1",
        "tslib": "^2.4.0"
      },
      "engines": {
        "node": ">=16.9.0"
      }
    },
    "node_modules/@discordjs/collection": {
      "version": "0.8.0-dev.1654519693-fba9710",
      "resolved": "https://registry.npmjs.org/@discordjs/collection/-/collection-0.8.0-dev.1654519693-fba9710.tgz",
      "integrity": "sha512-KDgLOM+Ukgo/1yWUh+kANQi5UNNQwkvKggavr7/hII+7Od+mAn6HvKOGcMT3kQKz5oZxt/+7N9sf5VqheeGIwA==",
      "engines": {
        "node": ">=16.9.0"
      }
    },
    "node_modules/@discordjs/rest": {
      "version": "0.6.0-dev.1654519711-fba9710",
      "resolved": "https://registry.npmjs.org/@discordjs/rest/-/rest-0.6.0-dev.1654519711-fba9710.tgz",
      "integrity": "sha512-4fP3MBP3qPEf0s+xKDFBsip7eR/Dz91Lgc1LS5cD9OJWcD6BNtqWFbontvbaLuGB19256kcRUfRoGmMkjkiy+Q==",
      "dependencies": {
        "@discordjs/collection": "^0.8.0-dev",
        "@sapphire/async-queue": "^1.3.1",
        "@sapphire/snowflake": "^3.2.2",
        "discord-api-types": "^0.33.3",
        "tslib": "^2.4.0",
        "undici": "^5.4.0"
      },
      "engines": {
        "node": ">=16.9.0"
      }
    },
    "node_modules/@sapphire/async-queue": {
      "version": "1.3.1",
      "resolved": "https://registry.npmjs.org/@sapphire/async-queue/-/async-queue-1.3.1.tgz",
      "integrity": "sha512-FFTlPOWZX1kDj9xCAsRzH5xEJfawg1lNoYAA+ecOWJMHOfiZYb1uXOI3ne9U4UILSEPwfE68p3T9wUHwIQfR0g==",
      "engines": {
        "node": ">=v14.0.0",
        "npm": ">=7.0.0"
      }
    },
    "node_modules/@sapphire/shapeshift": {
      "version": "3.1.0",
      "resolved": "https://registry.npmjs.org/@sapphire/shapeshift/-/shapeshift-3.1.0.tgz",
      "integrity": "sha512-PkxFXd3QJ1qAPS05Dy2UkVGYPm/asF1Ugt2Xyzmv4DHzO3+G7l+873C4XFFcJ9M5Je+eCMC7SSifgPTSur5QuA==",
      "engines": {
        "node": ">=v15.0.0",
        "npm": ">=7.0.0"
      }
    },
    "node_modules/@sapphire/snowflake": {
      "version": "3.2.2",
      "resolved": "https://registry.npmjs.org/@sapphire/snowflake/-/snowflake-3.2.2.tgz",
      "integrity": "sha512-ula2O0kpSZtX9rKXNeQMrHwNd7E4jPDJYUXmEGTFdMRfyfMw+FPyh04oKMjAiDuOi64bYgVkOV3MjK+loImFhQ==",
      "engines": {
        "node": ">=v14.0.0",
        "npm": ">=7.0.0"
      }
    },
    "node_modules/@sindresorhus/is": {
      "version": "4.6.0",
      "resolved": "https://registry.npmjs.org/@sindresorhus/is/-/is-4.6.0.tgz",
      "integrity": "sha512-t09vSN3MdfsyCHoFcTRCH/iUtG7OJ0CsjzB8cjAmKc/va/kIgeDI/TxsigdncE/4be734m0cvIYwNaV4i2XqAw==",
      "engines": {
        "node": ">=10"
      },
      "funding": {
        "url": "https://github.com/sindresorhus/is?sponsor=1"
      }
    },
    "node_modules/@types/node": {
      "version": "17.0.40",
      "resolved": "https://registry.npmjs.org/@types/node/-/node-17.0.40.tgz",
      "integrity": "sha512-UXdBxNGqTMtm7hCwh9HtncFVLrXoqA3oJW30j6XWp5BH/wu3mVeaxo7cq5benFdBw34HB3XDT2TRPI7rXZ+mDg=="
    },
    "node_modules/@types/ws": {
      "version": "8.5.3",
      "resolved": "https://registry.npmjs.org/@types/ws/-/ws-8.5.3.tgz",
      "integrity": "sha512-6YOoWjruKj1uLf3INHH7D3qTXwFfEsg1kf3c0uDdSBJwfa/llkwIjrAGV7j7mVgGNbzTQ3HiHKKDXl6bJPD97w==",
      "dependencies": {
        "@types/node": "*"
      }
    },
    "node_modules/axios": {
      "version": "0.24.0",
      "resolved": "https://registry.npmjs.org/axios/-/axios-0.24.0.tgz",
      "integrity": "sha512-Q6cWsys88HoPgAaFAVUb0WpPk0O8iTeisR9IMqy9G8AbO4NlpVknrnQS03zzF9PGAWgO3cgletO3VjV/P7VztA==",
      "dependencies": {
        "follow-redirects": "^1.14.4"
      }
    },
    "node_modules/discord-api-types": {
      "version": "0.33.4",
      "resolved": "https://registry.npmjs.org/discord-api-types/-/discord-api-types-0.33.4.tgz",
      "integrity": "sha512-Y6RMvXsHKiBgQhm/q5MgRieXc4Tzh5p/JuDyqreI48lmy+AQfO+g9Xhz0tuGBaN1FtsrLT7mD+lbFONPo5vdwA=="
    },
    "node_modules/discord.js": {
      "version": "14.0.0-dev.1654519696-fba9710",
      "resolved": "https://registry.npmjs.org/discord.js/-/discord.js-14.0.0-dev.1654519696-fba9710.tgz",
      "integrity": "sha512-vyJr1AAQ5O24SLauqpSNdMOCCU46u4Fko4/ZR7e2JfS3RzGcvTGPTmSal5EHj8rihqkEpGJtjvIOsnxOCMsAZA==",
      "dependencies": {
        "@discordjs/builders": "^0.16.0-dev",
        "@discordjs/collection": "^0.8.0-dev",
        "@discordjs/rest": "^0.6.0-dev",
        "@sapphire/snowflake": "^3.2.2",
        "@types/ws": "^8.5.3",
        "discord-api-types": "^0.33.3",
        "fast-deep-equal": "^3.1.3",
        "lodash.snakecase": "^4.1.1",
        "tslib": "^2.4.0",
        "undici": "^5.4.0",
        "ws": "^8.7.0"
      },
      "engines": {
        "node": ">=16.9.0"
      }
    },
    "node_modules/fast-deep-equal": {
      "version": "3.1.3",
      "resolved": "https://registry.npmjs.org/fast-deep-equal/-/fast-deep-equal-3.1.3.tgz",
      "integrity": "sha512-f3qQ9oQy9j2AhBe/H9VC91wLmKBCCU/gDOnKNAYG5hswO7BLKj09Hc5HYNz9cGI++xlpDCIgDaitVs03ATR84Q=="
    },
    "node_modules/follow-redirects": {
      "version": "1.15.1",
      "resolved": "https://registry.npmjs.org/follow-redirects/-/follow-redirects-1.15.1.tgz",
      "integrity": "sha512-yLAMQs+k0b2m7cVxpS1VKJVvoz7SS9Td1zss3XRwXj+ZDH00RJgnuLx7E44wx02kQLrdM3aOOy+FpzS7+8OizA==",
      "funding": [
        {
          "type": "individual",
          "url": "https://github.com/sponsors/RubenVerborgh"
        }
      ],
      "engines": {
        "node": ">=4.0"
      },
      "peerDependenciesMeta": {
        "debug": {
          "optional": true
        }
      }
    },
    "node_modules/lodash.snakecase": {
      "version": "4.1.1",
      "resolved": "https://registry.npmjs.org/lodash.snakecase/-/lodash.snakecase-4.1.1.tgz",
      "integrity": "sha512-QZ1d4xoBHYUeuouhEq3lk3Uq7ldgyFXGBhg04+oRLnIz8o9T65Eh+8YdroUwn846zchkA9yDsDl5CVVaV2nqYw=="
    },
    "node_modules/ts-mixer": {
      "version": "6.0.1",
      "resolved": "https://registry.npmjs.org/ts-mixer/-/ts-mixer-6.0.1.tgz",
      "integrity": "sha512-hvE+ZYXuINrx6Ei6D6hz+PTim0Uf++dYbK9FFifLNwQj+RwKquhQpn868yZsCtJYiclZF1u8l6WZxxKi+vv7Rg=="
    },
    "node_modules/tslib": {
      "version": "2.4.0",
      "resolved": "https://registry.npmjs.org/tslib/-/tslib-2.4.0.tgz",
      "integrity": "sha512-d6xOpEDfsi2CZVlPQzGeux8XMwLT9hssAsaPYExaQMuYskwb+x1x7J371tWlbBdWHroy99KnVB6qIkUbs5X3UQ=="
    },
    "node_modules/typescript": {
      "version": "4.7.3",
      "resolved": "https://registry.npmjs.org/typescript/-/typescript-4.7.3.tgz",
      "integrity": "sha512-WOkT3XYvrpXx4vMMqlD+8R8R37fZkjyLGlxavMc4iB8lrl8L0DeTcHbYgw/v0N/z9wAFsgBhcsF0ruoySS22mA==",
      "dev": true,
      "bin": {
        "tsc": "bin/tsc",
        "tsserver": "bin/tsserver"
      },
      "engines": {
        "node": ">=4.2.0"
      }
    },
    "node_modules/undici": {
      "version": "5.4.0",
      "resolved": "https://registry.npmjs.org/undici/-/undici-5.4.0.tgz",
      "integrity": "sha512-A1SRXysDg7J+mVP46jF+9cKANw0kptqSFZ8tGyL+HBiv0K1spjxPX8Z4EGu+Eu6pjClJUBdnUPlxrOafR668/g==",
      "engines": {
        "node": ">=12.18"
      }
    },
    "node_modules/ws": {
      "version": "8.7.0",
      "resolved": "https://registry.npmjs.org/ws/-/ws-8.7.0.tgz",
      "integrity": "sha512-c2gsP0PRwcLFzUiA8Mkr37/MI7ilIlHQxaEAtd0uNMbVMoy8puJyafRlm0bV9MbGSabUPeLrRRaqIBcFcA2Pqg==",
      "engines": {
        "node": ">=10.0.0"
      },
      "peerDependencies": {
        "bufferutil": "^4.0.1",
        "utf-8-validate": "^5.0.2"
      },
      "peerDependenciesMeta": {
        "bufferutil": {
          "optional": true
        },
        "utf-8-validate": {
          "optional": true
        }
      }
    },
    "node_modules/xbytes": {
      "version": "1.7.0",
      "resolved": "https://registry.npmjs.org/xbytes/-/xbytes-1.7.0.tgz",
      "integrity": "sha512-iZglBXuHoC1F7jRz7746QhicNE167tEVq2H/iYQ1jIFdYIjqL8OfM86K52csfRZm+d83/VJO8bu37jN/G1ekKQ==",
      "engines": {
        "node": ">=1"
      }
    }
  },
  "dependencies": {
    "@discordjs/builders": {
      "version": "0.16.0-dev.1654519711-fba9710",
      "resolved": "https://registry.npmjs.org/@discordjs/builders/-/builders-0.16.0-dev.1654519711-fba9710.tgz",
      "integrity": "sha512-sM1d7yV+qoksWanU6X4+9V1Jv0iq6vzkkV0+y1DPtpmIpJHN28qG88LrE7w/EdIrvSkBeYtWsuNCiYVUiL/IJw==",
      "requires": {
        "@sapphire/shapeshift": "^3.1.0",
        "@sindresorhus/is": "^4.6.0",
        "discord-api-types": "^0.33.3",
        "fast-deep-equal": "^3.1.3",
        "ts-mixer": "^6.0.1",
        "tslib": "^2.4.0"
      }
    },
    "@discordjs/collection": {
      "version": "0.8.0-dev.1654519693-fba9710",
      "resolved": "https://registry.npmjs.org/@discordjs/collection/-/collection-0.8.0-dev.1654519693-fba9710.tgz",
      "integrity": "sha512-KDgLOM+Ukgo/1yWUh+kANQi5UNNQwkvKggavr7/hII+7Od+mAn6HvKOGcMT3kQKz5oZxt/+7N9sf5VqheeGIwA=="
    },
    "@discordjs/rest": {
      "version": "0.6.0-dev.1654519711-fba9710",
      "resolved": "https://registry.npmjs.org/@discordjs/rest/-/rest-0.6.0-dev.1654519711-fba9710.tgz",
      "integrity": "sha512-4fP3MBP3qPEf0s+xKDFBsip7eR/Dz91Lgc1LS5cD9OJWcD6BNtqWFbontvbaLuGB19256kcRUfRoGmMkjkiy+Q==",
      "requires": {
        "@discordjs/collection": "^0.8.0-dev",
        "@sapphire/async-queue": "^1.3.1",
        "@sapphire/snowflake": "^3.2.2",
        "discord-api-types": "^0.33.3",
        "tslib": "^2.4.0",
        "undici": "^5.4.0"
      }
    },
    "@sapphire/async-queue": {
      "version": "1.3.1",
      "resolved": "https://registry.npmjs.org/@sapphire/async-queue/-/async-queue-1.3.1.tgz",
      "integrity": "sha512-FFTlPOWZX1kDj9xCAsRzH5xEJfawg1lNoYAA+ecOWJMHOfiZYb1uXOI3ne9U4UILSEPwfE68p3T9wUHwIQfR0g=="
    },
    "@sapphire/shapeshift": {
      "version": "3.1.0",
      "resolved": "https://registry.npmjs.org/@sapphire/shapeshift/-/shapeshift-3.1.0.tgz",
      "integrity": "sha512-PkxFXd3QJ1qAPS05Dy2UkVGYPm/asF1Ugt2Xyzmv4DHzO3+G7l+873C4XFFcJ9M5Je+eCMC7SSifgPTSur5QuA=="
    },
    "@sapphire/snowflake": {
      "version": "3.2.2",
      "resolved": "https://registry.npmjs.org/@sapphire/snowflake/-/snowflake-3.2.2.tgz",
      "integrity": "sha512-ula2O0kpSZtX9rKXNeQMrHwNd7E4jPDJYUXmEGTFdMRfyfMw+FPyh04oKMjAiDuOi64bYgVkOV3MjK+loImFhQ=="
    },
    "@sindresorhus/is": {
      "version": "4.6.0",
      "resolved": "https://registry.npmjs.org/@sindresorhus/is/-/is-4.6.0.tgz",
      "integrity": "sha512-t09vSN3MdfsyCHoFcTRCH/iUtG7OJ0CsjzB8cjAmKc/va/kIgeDI/TxsigdncE/4be734m0cvIYwNaV4i2XqAw=="
    },
    "@types/node": {
      "version": "17.0.40",
      "resolved": "https://registry.npmjs.org/@types/node/-/node-17.0.40.tgz",
      "integrity": "sha512-UXdBxNGqTMtm7hCwh9HtncFVLrXoqA3oJW30j6XWp5BH/wu3mVeaxo7cq5benFdBw34HB3XDT2TRPI7rXZ+mDg=="
    },
    "@types/ws": {
      "version": "8.5.3",
      "resolved": "https://registry.npmjs.org/@types/ws/-/ws-8.5.3.tgz",
      "integrity": "sha512-6YOoWjruKj1uLf3INHH7D3qTXwFfEsg1kf3c0uDdSBJwfa/llkwIjrAGV7j7mVgGNbzTQ3HiHKKDXl6bJPD97w==",
      "requires": {
        "@types/node": "*"
      }
    },
    "axios": {
      "version": "0.24.0",
      "resolved": "https://registry.npmjs.org/axios/-/axios-0.24.0.tgz",
      "integrity": "sha512-Q6cWsys88HoPgAaFAVUb0WpPk0O8iTeisR9IMqy9G8AbO4NlpVknrnQS03zzF9PGAWgO3cgletO3VjV/P7VztA==",
      "requires": {
        "follow-redirects": "^1.14.4"
      }
    },
    "discord-api-types": {
      "version": "0.33.4",
      "resolved": "https://registry.npmjs.org/discord-api-types/-/discord-api-types-0.33.4.tgz",
      "integrity": "sha512-Y6RMvXsHKiBgQhm/q5MgRieXc4Tzh5p/JuDyqreI48lmy+AQfO+g9Xhz0tuGBaN1FtsrLT7mD+lbFONPo5vdwA=="
    },
    "discord.js": {
      "version": "14.0.0-dev.1654519696-fba9710",
      "resolved": "https://registry.npmjs.org/discord.js/-/discord.js-14.0.0-dev.1654519696-fba9710.tgz",
      "integrity": "sha512-vyJr1AAQ5O24SLauqpSNdMOCCU46u4Fko4/ZR7e2JfS3RzGcvTGPTmSal5EHj8rihqkEpGJtjvIOsnxOCMsAZA==",
      "requires": {
        "@discordjs/builders": "^0.16.0-dev",
        "@discordjs/collection": "^0.8.0-dev",
        "@discordjs/rest": "^0.6.0-dev",
        "@sapphire/snowflake": "^3.2.2",
        "@types/ws": "^8.5.3",
        "discord-api-types": "^0.33.3",
        "fast-deep-equal": "^3.1.3",
        "lodash.snakecase": "^4.1.1",
        "tslib": "^2.4.0",
        "undici": "^5.4.0",
        "ws": "^8.7.0"
      }
    },
    "fast-deep-equal": {
      "version": "3.1.3",
      "resolved": "https://registry.npmjs.org/fast-deep-equal/-/fast-deep-equal-3.1.3.tgz",
      "integrity": "sha512-f3qQ9oQy9j2AhBe/H9VC91wLmKBCCU/gDOnKNAYG5hswO7BLKj09Hc5HYNz9cGI++xlpDCIgDaitVs03ATR84Q=="
    },
    "follow-redirects": {
      "version": "1.15.1",
      "resolved": "https://registry.npmjs.org/follow-redirects/-/follow-redirects-1.15.1.tgz",
      "integrity": "sha512-yLAMQs+k0b2m7cVxpS1VKJVvoz7SS9Td1zss3XRwXj+ZDH00RJgnuLx7E44wx02kQLrdM3aOOy+FpzS7+8OizA=="
    },
    "lodash.snakecase": {
      "version": "4.1.1",
      "resolved": "https://registry.npmjs.org/lodash.snakecase/-/lodash.snakecase-4.1.1.tgz",
      "integrity": "sha512-QZ1d4xoBHYUeuouhEq3lk3Uq7ldgyFXGBhg04+oRLnIz8o9T65Eh+8YdroUwn846zchkA9yDsDl5CVVaV2nqYw=="
    },
    "ts-mixer": {
      "version": "6.0.1",
      "resolved": "https://registry.npmjs.org/ts-mixer/-/ts-mixer-6.0.1.tgz",
      "integrity": "sha512-hvE+ZYXuINrx6Ei6D6hz+PTim0Uf++dYbK9FFifLNwQj+RwKquhQpn868yZsCtJYiclZF1u8l6WZxxKi+vv7Rg=="
    },
    "tslib": {
      "version": "2.4.0",
      "resolved": "https://registry.npmjs.org/tslib/-/tslib-2.4.0.tgz",
      "integrity": "sha512-d6xOpEDfsi2CZVlPQzGeux8XMwLT9hssAsaPYExaQMuYskwb+x1x7J371tWlbBdWHroy99KnVB6qIkUbs5X3UQ=="
    },
    "typescript": {
      "version": "4.7.3",
      "resolved": "https://registry.npmjs.org/typescript/-/typescript-4.7.3.tgz",
      "integrity": "sha512-WOkT3XYvrpXx4vMMqlD+8R8R37fZkjyLGlxavMc4iB8lrl8L0DeTcHbYgw/v0N/z9wAFsgBhcsF0ruoySS22mA==",
      "dev": true
    },
    "undici": {
      "version": "5.4.0",
      "resolved": "https://registry.npmjs.org/undici/-/undici-5.4.0.tgz",
      "integrity": "sha512-A1SRXysDg7J+mVP46jF+9cKANw0kptqSFZ8tGyL+HBiv0K1spjxPX8Z4EGu+Eu6pjClJUBdnUPlxrOafR668/g=="
    },
    "ws": {
      "version": "8.7.0",
      "resolved": "https://registry.npmjs.org/ws/-/ws-8.7.0.tgz",
      "integrity": "sha512-c2gsP0PRwcLFzUiA8Mkr37/MI7ilIlHQxaEAtd0uNMbVMoy8puJyafRlm0bV9MbGSabUPeLrRRaqIBcFcA2Pqg==",
      "requires": {}
    },
    "xbytes": {
      "version": "1.7.0",
      "resolved": "https://registry.npmjs.org/xbytes/-/xbytes-1.7.0.tgz",
      "integrity": "sha512-iZglBXuHoC1F7jRz7746QhicNE167tEVq2H/iYQ1jIFdYIjqL8OfM86K52csfRZm+d83/VJO8bu37jN/G1ekKQ=="
    }
  }
}
